
Microsoft Visual Studio Solution File, Format Version 12.00
Project("{FAE04EC0-301F-11D3-BF4B-00C04F79EFBC}") = "pingu", "pingu.csproj", "{DE636038-8A71-4F61-9F4A-8A4797F68F1D}"
EndProject
Global
	GlobalSection(SolutionConfigurationPlatforms) = preSolution
		Debug|Any CPU = Debug|Any CPU
		Release|Any CPU = Release|Any CPU
	EndGlobalSection
	GlobalSection(ProjectConfigurationPlatforms) = postSolution
		{DE636038-8A71-4F61-9F4A-8A4797F68F1D}.Debug|Any CPU.ActiveCfg = Debug|Any CPU
		{DE636038-8A71-4F61-9F4A-8A4797F68F1D}.Debug|Any CPU.Build.0 = Debug|Any CPU
		{DE636038-8A71-4F61-9F4A-8A4797F68F1D}.Release|Any CPU.ActiveCfg = Release|Any CPU
		{DE636038-8A71-4F61-9F4A-8A4797F68F1D}.Release|Any CPU.Build.0 = Release|Any CPU
	EndGlobalSection
EndGlobal
